
Microsoft Visual Studio Solution File, Format Version 12.00
# Visual Studio Version 16
VisualStudioVersion = 16.0.30804.86
MinimumVisualStudioVersion = 10.0.40219.1
Project("{FAE04EC0-301F-11D3-BF4B-00C04F79EFBC}") = "HC_QLDatVeXemPhim", "HC_QLDatVeXemPhim\HC_QLDatVeXemPhim.csproj", "{7ED58197-87FB-4CD9-9F84-C1EAAFE1C349}"
EndProject
Global
	GlobalSection(SolutionConfigurationPlatforms) = preSolution
		Debug|Any CPU = Debug|Any CPU
		Release|Any CPU = Release|Any CPU
	EndGlobalSection
	GlobalSection(ProjectConfigurationPlatforms) = postSolution
		{7ED58197-87FB-4CD9-9F84-C1EAAFE1C349}.Debug|Any CPU.ActiveCfg = Debug|Any CPU
		{7ED58197-87FB-4CD9-9F84-C1EAAFE1C349}.Debug|Any CPU.Build.0 = Debug|Any CPU
		{7ED58197-87FB-4CD9-9F84-C1EAAFE1C349}.Release|Any CPU.ActiveCfg = Release|Any CPU
		{7ED58197-87FB-4CD9-9F84-C1EAAFE1C349}.Release|Any CPU.Build.0 = Release|Any CPU
	EndGlobalSection
	GlobalSection(SolutionProperties) = preSolution
		HideSolutionNode = FALSE
	EndGlobalSection
	GlobalSection(ExtensibilityGlobals) = postSolution
		SolutionGuid = {A20266D7-26D9-414F-99AA-D26B962146D4}
	EndGlobalSection
EndGlobal
